// !$*UTF8*$!
{
	archiveVersion = 1;
	classes = {
	};
	objectVersion = 50;
	objects = {

/* Begin PBXBuildFile section */
		9E7CF6BC2320476F000768BF /* AppDelegate.swift in Sources */ = {isa = PBXBuildFile; fileRef = 9E7CF6BB2320476F000768BF /* AppDelegate.swift */; };
		9E7CF6C12320476F000768BF /* Main.storyboard in Resources */ = {isa = PBXBuildFile; fileRef = 9E7CF6BF2320476F000768BF /* Main.storyboard */; };
		9E7CF6C323204772000768BF /* Assets.xcassets in Resources */ = {isa = PBXBuildFile; fileRef = 9E7CF6C223204772000768BF /* Assets.xcassets */; };
		9E7CF6C623204772000768BF /* LaunchScreen.storyboard in Resources */ = {isa = PBXBuildFile; fileRef = 9E7CF6C423204772000768BF /* LaunchScreen.storyboard */; };
		9E7CF6CE2320491D000768BF /* GigsTableViewController.swift in Sources */ = {isa = PBXBuildFile; fileRef = 9E7CF6CD2320491D000768BF /* GigsTableViewController.swift */; };
		9E7CF6D023204BB5000768BF /* LoginViewController.swift in Sources */ = {isa = PBXBuildFile; fileRef = 9E7CF6CF23204BB5000768BF /* LoginViewController.swift */; };
		9E7CF6D223204CA8000768BF /* User.swift in Sources */ = {isa = PBXBuildFile; fileRef = 9E7CF6D123204CA8000768BF /* User.swift */; };
		9E7CF6D423204CE5000768BF /* GigController.swift in Sources */ = {isa = PBXBuildFile; fileRef = 9E7CF6D323204CE5000768BF /* GigController.swift */; };
		9E7CF6D623204D34000768BF /* Bearer.swift in Sources */ = {isa = PBXBuildFile; fileRef = 9E7CF6D523204D34000768BF /* Bearer.swift */; };
/* End PBXBuildFile section */

/* Begin PBXFileReference section */
		9E7CF6B82320476F000768BF /* Gigs.app */ = {isa = PBXFileReference; explicitFileType = wrapper.application; includeInIndex = 0; path = Gigs.app; sourceTree = BUILT_PRODUCTS_DIR; };
		9E7CF6BB2320476F000768BF /* AppDelegate.swift */ = {isa = PBXFileReference; lastKnownFileType = sourcecode.swift; path = AppDelegate.swift; sourceTree = "<group>"; };
		9E7CF6C02320476F000768BF /* Base */ = {isa = PBXFileReference; lastKnownFileType = file.storyboard; name = Base; path = Base.lproj/Main.storyboard; sourceTree = "<group>"; };
		9E7CF6C223204772000768BF /* Assets.xcassets */ = {isa = PBXFileReference; lastKnownFileType = folder.assetcatalog; path = Assets.xcassets; sourceTree = "<group>"; };
		9E7CF6C523204772000768BF /* Base */ = {isa = PBXFileReference; lastKnownFileType = file.storyboard; name = Base; path = Base.lproj/LaunchScreen.storyboard; sourceTree = "<group>"; };
		9E7CF6C723204772000768BF /* Info.plist */ = {isa = PBXFileReference; lastKnownFileType = text.plist.xml; path = Info.plist; sourceTree = "<group>"; };
		9E7CF6CD2320491D000768BF /* GigsTableViewController.swift */ = {isa = PBXFileReference; lastKnownFileType = sourcecode.swift; path = GigsTableViewController.swift; sourceTree = "<group>"; };
		9E7CF6CF23204BB5000768BF /* LoginViewController.swift */ = {isa = PBXFileReference; lastKnownFileType = sourcecode.swift; path = LoginViewController.swift; sourceTree = "<group>"; };
		9E7CF6D123204CA8000768BF /* User.swift */ = {isa = PBXFileReference; lastKnownFileType = sourcecode.swift; path = User.swift; sourceTree = "<group>"; };
		9E7CF6D323204CE5000768BF /* GigController.swift */ = {isa = PBXFileReference; lastKnownFileType = sourcecode.swift; path = GigController.swift; sourceTree = "<group>"; };
		9E7CF6D523204D34000768BF /* Bearer.swift */ = {isa = PBXFileReference; lastKnownFileType = sourcecode.swift; path = Bearer.swift; sourceTree = "<group>"; };
/* End PBXFileReference section */

/* Begin PBXFrameworksBuildPhase section */
		9E7CF6B52320476F000768BF /* Frameworks */ = {
			isa = PBXFrameworksBuildPhase;
			buildActionMask = 2147483647;
			files = (
			);
			runOnlyForDeploymentPostprocessing = 0;
		};
/* End PBXFrameworksBuildPhase section */

/* Begin PBXGroup section */
		9E7CF6AF2320476F000768BF = {
			isa = PBXGroup;
			children = (
				9E7CF6BA2320476F000768BF /* Gigs */,
				9E7CF6B92320476F000768BF /* Products */,
			);
			sourceTree = "<group>";
		};
		9E7CF6B92320476F000768BF /* Products */ = {
			isa = PBXGroup;
			children = (
				9E7CF6B82320476F000768BF /* Gigs.app */,
			);
			name = Products;
			sourceTree = "<group>";
		};
		9E7CF6BA2320476F000768BF /* Gigs */ = {
			isa = PBXGroup;
			children = (
				9E7CF6BB2320476F000768BF /* AppDelegate.swift */,
				9E7CF6D923204DB0000768BF /* View Controllers */,
				9E7CF6D723204D87000768BF /* Models */,
				9E7CF6D823204D9C000768BF /* Controller */,
				9E7CF6BF2320476F000768BF /* Main.storyboard */,
				9E7CF6C223204772000768BF /* Assets.xcassets */,
				9E7CF6C423204772000768BF /* LaunchScreen.storyboard */,
				9E7CF6C723204772000768BF /* Info.plist */,
			);
			path = Gigs;
			sourceTree = "<group>";
		};
		9E7CF6D723204D87000768BF /* Models */ = {
			isa = PBXGroup;
			children = (
				9E7CF6D123204CA8000768BF /* User.swift */,
				9E7CF6D523204D34000768BF /* Bearer.swift */,
			);
			path = Models;
			sourceTree = "<group>";
		};
		9E7CF6D823204D9C000768BF /* Controller */ = {
			isa = PBXGroup;
			children = (
			);
			path = Controller;
			sourceTree = "<group>";
		};
		9E7CF6D923204DB0000768BF /* View Controllers */ = {
			isa = PBXGroup;
			children = (
				9E7CF6CD2320491D000768BF /* GigsTableViewController.swift */,
				9E7CF6D323204CE5000768BF /* GigController.swift */,
				9E7CF6CF23204BB5000768BF /* LoginViewController.swift */,
			);
			path = "View Controllers";
			sourceTree = "<group>";
		};
/* End PBXGroup section */

/* Begin PBXNativeTarget section */
		9E7CF6B72320476F000768BF /* Gigs */ = {
			isa = PBXNativeTarget;
			buildConfigurationList = 9E7CF6CA23204772000768BF /* Build configuration list for PBXNativeTarget "Gigs" */;
			buildPhases = (
				9E7CF6B42320476F000768BF /* Sources */,
				9E7CF6B52320476F000768BF /* Frameworks */,
				9E7CF6B62320476F000768BF /* Resources */,
			);
			buildRules = (
			);
			dependencies = (
			);
			name = Gigs;
			productName = Gigs;
			productReference = 9E7CF6B82320476F000768BF /* Gigs.app */;
			productType = "com.apple.product-type.application";
		};
/* End PBXNativeTarget section */

/* Begin PBXProject section */
		9E7CF6B02320476F000768BF /* Project object */ = {
			isa = PBXProject;
			attributes = {
				LastSwiftUpdateCheck = 1030;
				LastUpgradeCheck = 1030;
				ORGANIZATIONNAME = "William Chen";
				TargetAttributes = {
					9E7CF6B72320476F000768BF = {
						CreatedOnToolsVersion = 10.3;
					};
				};
			};
			buildConfigurationList = 9E7CF6B32320476F000768BF /* Build configuration list for PBXProject "Gigs" */;
			compatibilityVersion = "Xcode 9.3";
			developmentRegion = en;
			hasScannedForEncodings = 0;
			knownRegions = (
				en,
				Base,
			);
			mainGroup = 9E7CF6AF2320476F000768BF;
			productRefGroup = 9E7CF6B92320476F000768BF /* Products */;
			projectDirPath = "";
			projectRoot = "";
			targets = (
				9E7CF6B72320476F000768BF /* Gigs */,
			);
		};
/* End PBXProject section */

/* Begin PBXResourcesBuildPhase section */
		9E7CF6B62320476F000768BF /* Resources */ = {
			isa = PBXResourcesBuildPhase;
			buildActionMask = 2147483647;
			files = (
				9E7CF6C623204772000768BF /* LaunchScreen.storyboard in Resources */,
				9E7CF6C323204772000768BF /* Assets.xcassets in Resources */,
				9E7CF6C12320476F000768BF /* Main.storyboard in Resources */,
			);
			runOnlyForDeploymentPostprocessing = 0;
		};
/* End PBXResourcesBuildPhase section */

/* Begin PBXSourcesBuildPhase section */
		9E7CF6B42320476F000768BF /* Sources */ = {
			isa = PBXSourcesBuildPhase;
			buildActionMask = 2147483647;
			files = (
				9E7CF6D223204CA8000768BF /* User.swift in Sources */,
				9E7CF6D023204BB5000768BF /* LoginViewController.swift in Sources */,
				9E7CF6D623204D34000768BF /* Bearer.swift in Sources */,
				9E7CF6CE2320491D000768BF /* GigsTableViewController.swift in Sources */,
				9E7CF6BC2320476F000768BF /* AppDelegate.swift in Sources */,
				9E7CF6D423204CE5000768BF /* GigController.swift in Sources */,
			);
			runOnlyForDeploymentPostprocessing = 0;
		};
/* End PBXSourcesBuildPhase section */

/* Begin PBXVariantGroup section */
		9E7CF6BF2320476F000768BF /* Main.storyboard */ = {
			isa = PBXVariantGroup;
			children = (
				9E7CF6C02320476F000768BF /* Base */,
			);
			name = Main.storyboard;
			sourceTree = "<group>";
		};
		9E7CF6C423204772000768BF /* LaunchScreen.storyboard */ = {
			isa = PBXVariantGroup;
			children = (
				9E7CF6C523204772000768BF /* Base */,
			);
			name = LaunchScreen.storyboard;
			sourceTree = "<group>";
		};
/* End PBXVariantGroup section */

/* Begin XCBuildConfiguration section */
		9E7CF6C823204772000768BF /* Debug */ = {
			isa = XCBuildConfiguration;
			buildSettings = {
				ALWAYS_SEARCH_USER_PATHS = NO;
				CLANG_ANALYZER_NONNULL = YES;
				CLANG_ANALYZER_NUMBER_OBJECT_CONVERSION = YES_AGGRESSIVE;
				CLANG_CXX_LANGUAGE_STANDARD = "gnu++14";
				CLANG_CXX_LIBRARY = "libc++";
				CLANG_ENABLE_MODULES = YES;
				CLANG_ENABLE_OBJC_ARC = YES;
				CLANG_ENABLE_OBJC_WEAK = YES;
				CLANG_WARN_BLOCK_CAPTURE_AUTORELEASING = YES;
				CLANG_WARN_BOOL_CONVERSION = YES;
				CLANG_WARN_COMMA = YES;
				CLANG_WARN_CONSTANT_CONVERSION = YES;
				CLANG_WARN_DEPRECATED_OBJC_IMPLEMENTATIONS = YES;
				CLANG_WARN_DIRECT_OBJC_ISA_USAGE = YES_ERROR;
				CLANG_WARN_DOCUMENTATION_COMMENTS = YES;
				CLANG_WARN_EMPTY_BODY = YES;
				CLANG_WARN_ENUM_CONVERSION = YES;
				CLANG_WARN_INFINITE_RECURSION = YES;
				CLANG_WARN_INT_CONVERSION = YES;
				CLANG_WARN_NON_LITERAL_NULL_CONVERSION = YES;
				CLANG_WARN_OBJC_IMPLICIT_RETAIN_SELF = YES;
				CLANG_WARN_OBJC_LITERAL_CONVERSION = YES;
				CLANG_WARN_OBJC_ROOT_CLASS = YES_ERROR;
				CLANG_WARN_RANGE_LOOP_ANALYSIS = YES;
				CLANG_WARN_STRICT_PROTOTYPES = YES;
				CLANG_WARN_SUSPICIOUS_MOVE = YES;
				CLANG_WARN_UNGUARDED_AVAILABILITY = YES_AGGRESSIVE;
				CLANG_WARN_UNREACHABLE_CODE = YES;
				CLANG_WARN__DUPLICATE_METHOD_MATCH = YES;
				CODE_SIGN_IDENTITY = "iPhone Developer";
				COPY_PHASE_STRIP = NO;
				DEBUG_INFORMATION_FORMAT = dwarf;
				ENABLE_STRICT_OBJC_MSGSEND = YES;
				ENABLE_TESTABILITY = YES;
				GCC_C_LANGUAGE_STANDARD = gnu11;
				GCC_DYNAMIC_NO_PIC = NO;
				GCC_NO_COMMON_BLOCKS = YES;
				GCC_OPTIMIZATION_LEVEL = 0;
				GCC_PREPROCESSOR_DEFINITIONS = (
					"DEBUG=1",
					"$(inherited)",
				);
				GCC_WARN_64_TO_32_BIT_CONVERSION = YES;
				GCC_WARN_ABOUT_RETURN_TYPE = YES_ERROR;
				GCC_WARN_UNDECLARED_SELECTOR = YES;
				GCC_WARN_UNINITIALIZED_AUTOS = YES_AGGRESSIVE;
				GCC_WARN_UNUSED_FUNCTION = YES;
				GCC_WARN_UNUSED_VARIABLE = YES;
				IPHONEOS_DEPLOYMENT_TARGET = 12.4;
				MTL_ENABLE_DEBUG_INFO = INCLUDE_SOURCE;
				MTL_FAST_MATH = YES;
				ONLY_ACTIVE_ARCH = YES;
				SDKROOT = iphoneos;
				SWIFT_ACTIVE_COMPILATION_CONDITIONS = DEBUG;
				SWIFT_OPTIMIZATION_LEVEL = "-Onone";
			};
			name = Debug;
		};
		9E7CF6C923204772000768BF /* Release */ = {
			isa = XCBuildConfiguration;
			buildSettings = {
				ALWAYS_SEARCH_USER_PATHS = NO;
				CLANG_ANALYZER_NONNULL = YES;
				CLANG_ANALYZER_NUMBER_OBJECT_CONVERSION = YES_AGGRESSIVE;
				CLANG_CXX_LANGUAGE_STANDARD = "gnu++14";
				CLANG_CXX_LIBRARY = "libc++";
				CLANG_ENABLE_MODULES = YES;
				CLANG_ENABLE_OBJC_ARC = YES;
				CLANG_ENABLE_OBJC_WEAK = YES;
				CLANG_WARN_BLOCK_CAPTURE_AUTORELEASING = YES;
				CLANG_WARN_BOOL_CONVERSION = YES;
				CLANG_WARN_COMMA = YES;
				CLANG_WARN_CONSTANT_CONVERSION = YES;
				CLANG_WARN_DEPRECATED_OBJC_IMPLEMENTATIONS = YES;
				CLANG_WARN_DIRECT_OBJC_ISA_USAGE = YES_ERROR;
				CLANG_WARN_DOCUMENTATION_COMMENTS = YES;
				CLANG_WARN_EMPTY_BODY = YES;
				CLANG_WARN_ENUM_CONVERSION = YES;
				CLANG_WARN_INFINITE_RECURSION = YES;
				CLANG_WARN_INT_CONVERSION = YES;
				CLANG_WARN_NON_LITERAL_NULL_CONVERSION = YES;
				CLANG_WARN_OBJC_IMPLICIT_RETAIN_SELF = YES;
				CLANG_WARN_OBJC_LITERAL_CONVERSION = YES;
				CLANG_WARN_OBJC_ROOT_CLASS = YES_ERROR;
				CLANG_WARN_RANGE_LOOP_ANALYSIS = YES;
				CLANG_WARN_STRICT_PROTOTYPES = YES;
				CLANG_WARN_SUSPICIOUS_MOVE = YES;
				CLANG_WARN_UNGUARDED_AVAILABILITY = YES_AGGRESSIVE;
				CLANG_WARN_UNREACHABLE_CODE = YES;
				CLANG_WARN__DUPLICATE_METHOD_MATCH = YES;
				CODE_SIGN_IDENTITY = "iPhone Developer";
				COPY_PHASE_STRIP = NO;
				DEBUG_INFORMATION_FORMAT = "dwarf-with-dsym";
				ENABLE_NS_ASSERTIONS = NO;
				ENABLE_STRICT_OBJC_MSGSEND = YES;
				GCC_C_LANGUAGE_STANDARD = gnu11;
				GCC_NO_COMMON_BLOCKS = YES;
				GCC_WARN_64_TO_32_BIT_CONVERSION = YES;
				GCC_WARN_ABOUT_RETURN_TYPE = YES_ERROR;
				GCC_WARN_UNDECLARED_SELECTOR = YES;
				GCC_WARN_UNINITIALIZED_AUTOS = YES_AGGRESSIVE;
				GCC_WARN_UNUSED_FUNCTION = YES;
				GCC_WARN_UNUSED_VARIABLE = YES;
				IPHONEOS_DEPLOYMENT_TARGET = 12.4;
				MTL_ENABLE_DEBUG_INFO = NO;
				MTL_FAST_MATH = YES;
				SDKROOT = iphoneos;
				SWIFT_COMPILATION_MODE = wholemodule;
				SWIFT_OPTIMIZATION_LEVEL = "-O";
				VALIDATE_PRODUCT = YES;
			};
			name = Release;
		};
		9E7CF6CB23204772000768BF /* Debug */ = {
			isa = XCBuildConfiguration;
			buildSettings = {
				ASSETCATALOG_COMPILER_APPICON_NAME = AppIcon;
				CODE_SIGN_STYLE = Automatic;
				INFOPLIST_FILE = Gigs/Info.plist;
				LD_RUNPATH_SEARCH_PATHS = (
					"$(inherited)",
					"@executable_path/Frameworks",
				);
				PRODUCT_BUNDLE_IDENTIFIER = Lambda.Gigs;
				PRODUCT_NAME = "$(TARGET_NAME)";
				SWIFT_VERSION = 5.0;
				TARGETED_DEVICE_FAMILY = "1,2";
			};
			name = Debug;
		};
		9E7CF6CC23204772000768BF /* Release */ = {
			isa = XCBuildConfiguration;
			buildSettings = {
				ASSETCATALOG_COMPILER_APPICON_NAME = AppIcon;
				CODE_SIGN_STYLE = Automatic;
				INFOPLIST_FILE = Gigs/Info.plist;
				LD_RUNPATH_SEARCH_PATHS = (
					"$(inherited)",
					"@executable_path/Frameworks",
				);
				PRODUCT_BUNDLE_IDENTIFIER = Lambda.Gigs;
				PRODUCT_NAME = "$(TARGET_NAME)";
				SWIFT_VERSION = 5.0;
				TARGETED_DEVICE_FAMILY = "1,2";
			};
			name = Release;
		};
/* End XCBuildConfiguration section */

/* Begin XCConfigurationList section */
		9E7CF6B32320476F000768BF /* Build configuration list for PBXProject "Gigs" */ = {
			isa = XCConfigurationList;
			buildConfigurations = (
				9E7CF6C823204772000768BF /* Debug */,
				9E7CF6C923204772000768BF /* Release */,
			);
			defaultConfigurationIsVisible = 0;
			defaultConfigurationName = Release;
		};
		9E7CF6CA23204772000768BF /* Build configuration list for PBXNativeTarget "Gigs" */ = {
			isa = XCConfigurationList;
			buildConfigurations = (
				9E7CF6CB23204772000768BF /* Debug */,
				9E7CF6CC23204772000768BF /* Release */,
			);
			defaultConfigurationIsVisible = 0;
			defaultConfigurationName = Release;
		};
/* End XCConfigurationList section */
	};
	rootObject = 9E7CF6B02320476F000768BF /* Project object */;
}
